github.com/aead/siphash v1.0.1 h1:FwHfE/T45KPKYuuSAKyyvE+oPWcaQ+CUmFW0bPlM+kg=
github.com/aead/siphash v1.0.1/go.mod h1:Nywa3cDsYNNK3gaciGTWPwHt0wlpNV15vwmswBAUSII=
github.com/brsuite/bronlog v0.0.0-20220725065655-124a5a35149d h1:oomO+7+Ew80GhjBSyw723FqsfSl3kosn8OFMy7eqw4Y=
github.com/brsuite/bronlog v0.0.0-20220725065655-124a5a35149d/go.mod h1:JzNnszVnN71SIPkgnRBnQXQjJZ3HwcZ907ZC3HyM9pg=
github.com/brsuite/bronutil v0.0.0-20220801095641-46b274f99a57 h1:aQeBh3o5UJoDgTod4BppJK4yPG5D4kiOBd2vLgh2fN4=
github.com/brsuite/bronutil v0.0.0-20220801095641-46b274f99a57/go.mod h1:4zWyQg9jGp58uyNnGv7z3MP7azHLWuvfpAVvVO4Fu8g=
github.com/brsuite/go-socks v0.0.0-20220725060021-cc383c25764e h1:KCES1YvvIjoBvyLksbXvO9uBcbiQA2IG6ezLGHAqJXM=
github.com/brsuite/go-socks v0.0.0-20220725060021-cc383c25764e/go.mod h1:1QKlqGzuNIlTUQ3C+JZx4U0wt/zvj5oAl6FYnWFr4Ew=
github.com/brsuite/goleveldb v0.0.0-20220725104504-2acd41128c9d h1:Nb7IzIiLc9fpjKtPYcYR/U7cVeXPfQF9pTnzA/tDhZs=
github.com/brsuite/goleveldb v0.0.0-20220725104504-2acd41128c9d/go.mod h1:S4DSeLSn6Z1qGqiGj1evGMkyqvEpMlvLey9rKmNeHx0=
github.com/brsuite/snappy-go v0.0.0-20220725064816-7e09106903d7 h1:AkSQWViiJspEKGjQzJckqD0KFCj9DNyYlFYuB9mzOco=
github.com/brsuite/snappy-go v0.0.0-20220725064816-7e09106903d7/go.mod h1:yZHZ8rEU2spfNnU1FaaMVjbmv4sxCHcOScqCk5Whpuk=
github.com/brsuite/websocket v0.0.0-20220725063415-0278b8e936cc h1:B3/5Mf4OSzz78Ctwn41Sc4oASGhaIKwS4PttFK8ly18=
github.com/brsuite/websocket v0.0.0-20220725063415-0278b8e936cc/go.mod h1:fyGj3LUj6G31SO5V2LA1/1HJKOz/Ceb9AujTdMOP34U=
github.com/brsuite/winsvc v0.0.0-20220725084802-fa127b81933f h1:0XZrqSNauslKrg6xWBuWxyaT08X4LSpdm4DHzSBBgHs=
github.com/brsuite/winsvc v0.0.0-20220725084802-fa127b81933f/go.mod h1:w2/XO1jbM4GfMY1r77J8k/ERElSayYC9K6AKwOO9dkI=
github.com/davecgh/go-spew v1.1.1 h1:vj9j/u1bqnvCEfJOwUhtlOARqs3+rkHYY13jYWTU97c=
github.com/davecgh/go-spew v1.1.1/go.mod h1:J7Y8YcW2NihsgmVo/mv3lAwl/skON4iLHjSsI+c5H38=
github.com/fsnotify/fsnotify v1.4.9 h1:hsms1Qyu0jgnwNXIxa+/V/PDsU6CfLf6CNO8H7IWoS4=
github.com/google/go-cmp v0.5.8 h1:e6P7q2lk1O+qJJb4BtCQXlK8vWEO8V1ZeuEdJNOqZyg=
github.com/jessevdk/go-flags v1.5.0 h1:1jKYvbxEjfUl0fmqTCOfonvskHHXMjBySTLW4y9LFvc=
github.com/jessevdk/go-flags v1.5.0/go.mod h1:Fw0T6WPc1dYxT4mKEZRfG5kJhaTDP9pj1c2EWnYs/m4=
github.com/jrick/logrotate v1.0.0 h1:lQ1bL/n9mBNeIXoTUoYRlK4dHuNJVofX9oWqBtPnSzI=
github.com/jrick/logrotate v1.0.0/go.mod h1:LNinyqDIJnpAur+b8yyulnQw/wDuN1+BYKlTRt3OuAQ=
github.com/kkdai/bstream v1.0.0 h1:Se5gHwgp2VT2uHfDrkbbgbgEvV9cimLELwrPJctSjg8=
github.com/kkdai/bstream v1.0.0/go.mod h1:FDnDOHt5Yx4p3FaHcioFT0QjDOtgUpvjeZqAs+NVZZA=
github.com/nxadm/tail v1.4.8 h1:nPr65rt6Y5JFSKQO7qToXr7pePgD6Gwiw05lkbyAQTE=
github.com/onsi/ginkgo v1.16.5 h1:8xi0RTUf59SOSfEtZMvwTvXYMzG4gV23XVHOZiXNtnE=
github.com/onsi/gomega v1.20.0 h1:8W0cWlwFkflGPLltQvLRB7ZVD5HuP6ng320w2IS245Q=
golang.org/x/crypto v0.0.0-20220722155217-630584e8d5aa h1:zuSxTR4o9y82ebqCUJYNGJbGPo6sKVl54f/TVDObg1c=
golang.org/x/crypto v0.0.0-20220722155217-630584e8d5aa/go.mod h1:IxCIyHEi3zRg3s0A5j5BB6A9Jmi73HwBIUl50j+osU4=
golang.org/x/net v0.0.0-20220425223048-2871e0cb64e4 h1:HVyaeDAYux4pnY+D/SiwmLOR36ewZ4iGQIIrtnuCjFA=
golang.org/x/sys v0.0.0-20210320140829-1e4c9ba3b0c4/go.mod h1:h1NjWce9XRLGQEsW7wpKNCjG9DtNlClVuFLEZdDNbEs=
golang.org/x/sys v0.0.0-20220422013727-9388b58f7150 h1:xHms4gcpe1YE7A3yIllJXP16CMAGuqwO2lX1mTyyRRc=
golang.org/x/sys v0.0.0-20220422013727-9388b58f7150/go.mod h1:oPkhp1MJrh7nUepCBck5+mAzfO9JrbApNNgaTdGDITg=
golang.org/x/text v0.3.7 h1:olpwvP2KacW1ZWvsR7uQhoyTYvKAupfQrRGBFM352Gk=
gopkg.in/tomb.v1 v1.0.0-20141024135613-dd632973f1e7 h1:uRGJdciOHaEIrze2W8Q3AKkepLTh2hOroT7a+7czfdQ=
gopkg.in/yaml.v3 v3.0.1 h1:fxVm/GzAzEWqLHuvctI91KS9hhNmmWOoWu0XTYJS7CA=
